Microsoft Visual Studio Solution File, Format Version 12.00
# Visual Studio Version 17
VisualStudioVersion = 17.5.2.0
MinimumVisualStudioVersion = 10.0.40219.1
Project("{FAE04EC0-301F-11D3-BF4B-00C04F79EFBC}") = "CatalogoDeLivros", "CatalogoDeLivros.csproj", "{A5CBF366-F2E5-A497-CD58-17A1183D6980}"
EndProject
Global
	GlobalSection(SolutionConfigurationPlatforms) = preSolution
		Debug|Any CPU = Debug|Any CPU
		Release|Any CPU = Release|Any CPU
	EndGlobalSection
	GlobalSection(ProjectConfigurationPlatforms) = postSolution
		{A5CBF366-F2E5-A497-CD58-17A1183D6980}.Debug|Any CPU.ActiveCfg = Debug|Any CPU
		{A5CBF366-F2E5-A497-CD58-17A1183D6980}.Debug|Any CPU.Build.0 = Debug|Any CPU
		{A5CBF366-F2E5-A497-CD58-17A1183D6980}.Release|Any CPU.ActiveCfg = Release|Any CPU
		{A5CBF366-F2E5-A497-CD58-17A1183D6980}.Release|Any CPU.Build.0 = Release|Any CPU
	EndGlobalSection
	GlobalSection(SolutionProperties) = preSolution
		HideSolutionNode = FALSE
	EndGlobalSection
	GlobalSection(ExtensibilityGlobals) = postSolution
		SolutionGuid = {9B6CABC2-B8ED-40A6-8E1D-DD8106963E25}
	EndGlobalSection
EndGlobal
